
Microsoft Visual Studio Solution File, Format Version 12.00
# Visual Studio Version 17
VisualStudioVersion = 17.1.32319.34
MinimumVisualStudioVersion = 10.0.40219.1
Project("{9A19103F-16F7-4668-BE54-9A1E7A4F7556}") = "HelloWorld", "HelloWorld\HelloWorld.csproj", "{5F81DFAF-9DDC-47BD-8A30-C1EF124F7B2D}"
EndProject
Project("{FAE04EC0-301F-11D3-BF4B-00C04F79EFBC}") = "NumericDataTypes", "NumericDataTypes\NumericDataTypes.csproj", "{F0161E87-645D-4084-895D-F39AC852C289}"
EndProject
Project("{FAE04EC0-301F-11D3-BF4B-00C04F79EFBC}") = "Strings", "Strings\Strings.csproj", "{9CC1BE56-92C7-4EE6-8113-A41BA6DABD36}"
EndProject
Project("{FAE04EC0-301F-11D3-BF4B-00C04F79EFBC}") = "ArithmeticOperations", "Arithmetic operations\ArithmeticOperations.csproj", "{A5F0D953-FA5C-422C-90E7-E89B4E63040E}"
EndProject
Project("{FAE04EC0-301F-11D3-BF4B-00C04F79EFBC}") = "Methods", "Methods\Methods.csproj", "{75A4EF6A-B059-4B63-A38C-BF21DB21C267}"
EndProject
Project("{FAE04EC0-301F-11D3-BF4B-00C04F79EFBC}") = "Variables", "Variables\Variables.csproj", "{9FFE5E5A-24B5-4179-8578-82A1F295377D}"
EndProject
Project("{2150E333-8FDC-42A3-9474-1A3956D46DE8}") = "1. Первое знакомство с C-Sharp", "1. Первое знакомство с C-Sharp", "{5AA01458-6905-4916-A0C6-DFA79A1DAAAA}"
EndProject
Project("{2150E333-8FDC-42A3-9474-1A3956D46DE8}") = "2. Ошибки", "2. Ошибки", "{1A711EE4-3E5B-4406-826D-D267CBAEED30}"
EndProject
Project("{FAE04EC0-301F-11D3-BF4B-00C04F79EFBC}") = "Tasks", "Tasks\Tasks.csproj", "{1A31FC5A-683F-4282-AF3C-0A759C2AF2AB}"
EndProject
Project("{FAE04EC0-301F-11D3-BF4B-00C04F79EFBC}") = "CompileMistakes", "Mistakes\CompileMistakes.csproj", "{106DD9F1-3CDF-4E1D-B5B4-7463A2DB2027}"
EndProject
Project("{FAE04EC0-301F-11D3-BF4B-00C04F79EFBC}") = "RuntimeMistakes", "RuntimeMistakes\RuntimeMistakes.csproj", "{729C4D39-1185-49C7-8A05-415481A6CB72}"
EndProject
Project("{FAE04EC0-301F-11D3-BF4B-00C04F79EFBC}") = "Refactoring", "Refactoring\Refactoring.csproj", "{7F306944-6350-4129-8751-A11C58925F59}"
EndProject
Project("{FAE04EC0-301F-11D3-BF4B-00C04F79EFBC}") = "ConstantsAndEnums", "ConstantsAndEnums\ConstantsAndEnums.csproj", "{2BF76BB6-A3D8-4156-897E-19C8C82BB3EA}"
EndProject
Project("{FAE04EC0-301F-11D3-BF4B-00C04F79EFBC}") = "HighlightingMethods", "HighlightingMethods\HighlightingMethods.csproj", "{8F9D8781-9E94-4E66-98C7-EE50872D33FF}"
EndProject
Project("{2150E333-8FDC-42A3-9474-1A3956D46DE8}") = "3. Ветвления", "3. Ветвления", "{1394C8B4-AC53-4DE0-BD17-3D78133C146B}"
EndProject
Project("{FAE04EC0-301F-11D3-BF4B-00C04F79EFBC}") = "ComparisonAndBooleanType", "ComparisonAndBooleanType\ComparisonAndBooleanType.csproj", "{2F69F8E8-756F-42F9-9097-36929C7EA797}"
EndProject
Project("{FAE04EC0-301F-11D3-BF4B-00C04F79EFBC}") = "FloatComparison", "FloatComparison\FloatComparison.csproj", "{E03C78C3-55B7-4D41-B26F-EC13AD5F3D5B}"
EndProject
Project("{FAE04EC0-301F-11D3-BF4B-00C04F79EFBC}") = "IfElse", "IfElse\IfElse.csproj", "{EA5A3FBA-7C69-4308-8471-3AC7A5E0E6B9}"
EndProject
Project("{FAE04EC0-301F-11D3-BF4B-00C04F79EFBC}") = "CommonBranchingMistakes", "CommonBranchingMistakes\CommonBranchingMistakes.csproj", "{B959462E-A211-4CEB-B31E-2D51A489A88C}"
EndProject
Project("{2150E333-8FDC-42A3-9474-1A3956D46DE8}") = "4. Циклы", "4. Циклы", "{D7F02B44-72F8-43D9-8EC6-9AF8B2DD24DB}"
EndProject
Project("{FAE04EC0-301F-11D3-BF4B-00C04F79EFBC}") = "While", "While\While.csproj", "{A1F33949-8453-48D6-AB7B-B9C6B8057425}"
EndProject
Project("{FAE04EC0-301F-11D3-BF4B-00C04F79EFBC}") = "RefactoringWhile", "RefactoringWhile\RefactoringWhile.csproj", "{4F1B2215-92BD-4405-A8C4-26F59A8581D1}"
EndProject
Global
	GlobalSection(SolutionConfigurationPlatforms) = preSolution
		Debug|Any CPU = Debug|Any CPU
		Release|Any CPU = Release|Any CPU
	EndGlobalSection
	GlobalSection(ProjectConfigurationPlatforms) = postSolution
		{5F81DFAF-9DDC-47BD-8A30-C1EF124F7B2D}.Debug|Any CPU.ActiveCfg = Debug|Any CPU
		{5F81DFAF-9DDC-47BD-8A30-C1EF124F7B2D}.Debug|Any CPU.Build.0 = Debug|Any CPU
		{5F81DFAF-9DDC-47BD-8A30-C1EF124F7B2D}.Release|Any CPU.ActiveCfg = Release|Any CPU
		{5F81DFAF-9DDC-47BD-8A30-C1EF124F7B2D}.Release|Any CPU.Build.0 = Release|Any CPU
		{F0161E87-645D-4084-895D-F39AC852C289}.Debug|Any CPU.ActiveCfg = Debug|Any CPU
		{F0161E87-645D-4084-895D-F39AC852C289}.Debug|Any CPU.Build.0 = Debug|Any CPU
		{F0161E87-645D-4084-895D-F39AC852C289}.Release|Any CPU.ActiveCfg = Release|Any CPU
		{F0161E87-645D-4084-895D-F39AC852C289}.Release|Any CPU.Build.0 = Release|Any CPU
		{9CC1BE56-92C7-4EE6-8113-A41BA6DABD36}.Debug|Any CPU.ActiveCfg = Debug|Any CPU
		{9CC1BE56-92C7-4EE6-8113-A41BA6DABD36}.Debug|Any CPU.Build.0 = Debug|Any CPU
		{9CC1BE56-92C7-4EE6-8113-A41BA6DABD36}.Release|Any CPU.ActiveCfg = Release|Any CPU
		{9CC1BE56-92C7-4EE6-8113-A41BA6DABD36}.Release|Any CPU.Build.0 = Release|Any CPU
		{A5F0D953-FA5C-422C-90E7-E89B4E63040E}.Debug|Any CPU.ActiveCfg = Debug|Any CPU
		{A5F0D953-FA5C-422C-90E7-E89B4E63040E}.Debug|Any CPU.Build.0 = Debug|Any CPU
		{A5F0D953-FA5C-422C-90E7-E89B4E63040E}.Release|Any CPU.ActiveCfg = Release|Any CPU
		{A5F0D953-FA5C-422C-90E7-E89B4E63040E}.Release|Any CPU.Build.0 = Release|Any CPU
		{75A4EF6A-B059-4B63-A38C-BF21DB21C267}.Debug|Any CPU.ActiveCfg = Debug|Any CPU
		{75A4EF6A-B059-4B63-A38C-BF21DB21C267}.Debug|Any CPU.Build.0 = Debug|Any CPU
		{75A4EF6A-B059-4B63-A38C-BF21DB21C267}.Release|Any CPU.ActiveCfg = Release|Any CPU
		{75A4EF6A-B059-4B63-A38C-BF21DB21C267}.Release|Any CPU.Build.0 = Release|Any CPU
		{9FFE5E5A-24B5-4179-8578-82A1F295377D}.Debug|Any CPU.ActiveCfg = Debug|Any CPU
		{9FFE5E5A-24B5-4179-8578-82A1F295377D}.Debug|Any CPU.Build.0 = Debug|Any CPU
		{9FFE5E5A-24B5-4179-8578-82A1F295377D}.Release|Any CPU.ActiveCfg = Release|Any CPU
		{9FFE5E5A-24B5-4179-8578-82A1F295377D}.Release|Any CPU.Build.0 = Release|Any CPU
		{1A31FC5A-683F-4282-AF3C-0A759C2AF2AB}.Debug|Any CPU.ActiveCfg = Debug|Any CPU
		{1A31FC5A-683F-4282-AF3C-0A759C2AF2AB}.Debug|Any CPU.Build.0 = Debug|Any CPU
		{1A31FC5A-683F-4282-AF3C-0A759C2AF2AB}.Release|Any CPU.ActiveCfg = Release|Any CPU
		{1A31FC5A-683F-4282-AF3C-0A759C2AF2AB}.Release|Any CPU.Build.0 = Release|Any CPU
		{106DD9F1-3CDF-4E1D-B5B4-7463A2DB2027}.Debug|Any CPU.ActiveCfg = Debug|Any CPU
		{106DD9F1-3CDF-4E1D-B5B4-7463A2DB2027}.Debug|Any CPU.Build.0 = Debug|Any CPU
		{106DD9F1-3CDF-4E1D-B5B4-7463A2DB2027}.Release|Any CPU.ActiveCfg = Release|Any CPU
		{106DD9F1-3CDF-4E1D-B5B4-7463A2DB2027}.Release|Any CPU.Build.0 = Release|Any CPU
		{729C4D39-1185-49C7-8A05-415481A6CB72}.Debug|Any CPU.ActiveCfg = Debug|Any CPU
		{729C4D39-1185-49C7-8A05-415481A6CB72}.Debug|Any CPU.Build.0 = Debug|Any CPU
		{729C4D39-1185-49C7-8A05-415481A6CB72}.Release|Any CPU.ActiveCfg = Release|Any CPU
		{729C4D39-1185-49C7-8A05-415481A6CB72}.Release|Any CPU.Build.0 = Release|Any CPU
		{7F306944-6350-4129-8751-A11C58925F59}.Debug|Any CPU.ActiveCfg = Debug|Any CPU
		{7F306944-6350-4129-8751-A11C58925F59}.Debug|Any CPU.Build.0 = Debug|Any CPU
		{7F306944-6350-4129-8751-A11C58925F59}.Release|Any CPU.ActiveCfg = Release|Any CPU
		{7F306944-6350-4129-8751-A11C58925F59}.Release|Any CPU.Build.0 = Release|Any CPU
		{2BF76BB6-A3D8-4156-897E-19C8C82BB3EA}.Debug|Any CPU.ActiveCfg = Debug|Any CPU
		{2BF76BB6-A3D8-4156-897E-19C8C82BB3EA}.Debug|Any CPU.Build.0 = Debug|Any CPU
		{2BF76BB6-A3D8-4156-897E-19C8C82BB3EA}.Release|Any CPU.ActiveCfg = Release|Any CPU
		{2BF76BB6-A3D8-4156-897E-19C8C82BB3EA}.Release|Any CPU.Build.0 = Release|Any CPU
		{8F9D8781-9E94-4E66-98C7-EE50872D33FF}.Debug|Any CPU.ActiveCfg = Debug|Any CPU
		{8F9D8781-9E94-4E66-98C7-EE50872D33FF}.Debug|Any CPU.Build.0 = Debug|Any CPU
		{8F9D8781-9E94-4E66-98C7-EE50872D33FF}.Release|Any CPU.ActiveCfg = Release|Any CPU
		{8F9D8781-9E94-4E66-98C7-EE50872D33FF}.Release|Any CPU.Build.0 = Release|Any CPU
		{2F69F8E8-756F-42F9-9097-36929C7EA797}.Debug|Any CPU.ActiveCfg = Debug|Any CPU
		{2F69F8E8-756F-42F9-9097-36929C7EA797}.Debug|Any CPU.Build.0 = Debug|Any CPU
		{2F69F8E8-756F-42F9-9097-36929C7EA797}.Release|Any CPU.ActiveCfg = Release|Any CPU
		{2F69F8E8-756F-42F9-9097-36929C7EA797}.Release|Any CPU.Build.0 = Release|Any CPU
		{E03C78C3-55B7-4D41-B26F-EC13AD5F3D5B}.Debug|Any CPU.ActiveCfg = Debug|Any CPU
		{E03C78C3-55B7-4D41-B26F-EC13AD5F3D5B}.Debug|Any CPU.Build.0 = Debug|Any CPU
		{E03C78C3-55B7-4D41-B26F-EC13AD5F3D5B}.Release|Any CPU.ActiveCfg = Release|Any CPU
		{E03C78C3-55B7-4D41-B26F-EC13AD5F3D5B}.Release|Any CPU.Build.0 = Release|Any CPU
		{EA5A3FBA-7C69-4308-8471-3AC7A5E0E6B9}.Debug|Any CPU.ActiveCfg = Debug|Any CPU
		{EA5A3FBA-7C69-4308-8471-3AC7A5E0E6B9}.Debug|Any CPU.Build.0 = Debug|Any CPU
		{EA5A3FBA-7C69-4308-8471-3AC7A5E0E6B9}.Release|Any CPU.ActiveCfg = Release|Any CPU
		{EA5A3FBA-7C69-4308-8471-3AC7A5E0E6B9}.Release|Any CPU.Build.0 = Release|Any CPU
		{B959462E-A211-4CEB-B31E-2D51A489A88C}.Debug|Any CPU.ActiveCfg = Debug|Any CPU
		{B959462E-A211-4CEB-B31E-2D51A489A88C}.Debug|Any CPU.Build.0 = Debug|Any CPU
		{B959462E-A211-4CEB-B31E-2D51A489A88C}.Release|Any CPU.ActiveCfg = Release|Any CPU
		{B959462E-A211-4CEB-B31E-2D51A489A88C}.Release|Any CPU.Build.0 = Release|Any CPU
		{A1F33949-8453-48D6-AB7B-B9C6B8057425}.Debug|Any CPU.ActiveCfg = Debug|Any CPU
		{A1F33949-8453-48D6-AB7B-B9C6B8057425}.Debug|Any CPU.Build.0 = Debug|Any CPU
		{A1F33949-8453-48D6-AB7B-B9C6B8057425}.Release|Any CPU.ActiveCfg = Release|Any CPU
		{A1F33949-8453-48D6-AB7B-B9C6B8057425}.Release|Any CPU.Build.0 = Release|Any CPU
		{4F1B2215-92BD-4405-A8C4-26F59A8581D1}.Debug|Any CPU.ActiveCfg = Debug|Any CPU
		{4F1B2215-92BD-4405-A8C4-26F59A8581D1}.Debug|Any CPU.Build.0 = Debug|Any CPU
		{4F1B2215-92BD-4405-A8C4-26F59A8581D1}.Release|Any CPU.ActiveCfg = Release|Any CPU
		{4F1B2215-92BD-4405-A8C4-26F59A8581D1}.Release|Any CPU.Build.0 = Release|Any CPU
	EndGlobalSection
	GlobalSection(SolutionProperties) = preSolution
		HideSolutionNode = FALSE
	EndGlobalSection
	GlobalSection(NestedProjects) = preSolution
		{5F81DFAF-9DDC-47BD-8A30-C1EF124F7B2D} = {5AA01458-6905-4916-A0C6-DFA79A1DAAAA}
		{F0161E87-645D-4084-895D-F39AC852C289} = {5AA01458-6905-4916-A0C6-DFA79A1DAAAA}
		{9CC1BE56-92C7-4EE6-8113-A41BA6DABD36} = {5AA01458-6905-4916-A0C6-DFA79A1DAAAA}
		{A5F0D953-FA5C-422C-90E7-E89B4E63040E} = {5AA01458-6905-4916-A0C6-DFA79A1DAAAA}
		{75A4EF6A-B059-4B63-A38C-BF21DB21C267} = {5AA01458-6905-4916-A0C6-DFA79A1DAAAA}
		{9FFE5E5A-24B5-4179-8578-82A1F295377D} = {5AA01458-6905-4916-A0C6-DFA79A1DAAAA}
		{1A31FC5A-683F-4282-AF3C-0A759C2AF2AB} = {5AA01458-6905-4916-A0C6-DFA79A1DAAAA}
		{106DD9F1-3CDF-4E1D-B5B4-7463A2DB2027} = {1A711EE4-3E5B-4406-826D-D267CBAEED30}
		{729C4D39-1185-49C7-8A05-415481A6CB72} = {1A711EE4-3E5B-4406-826D-D267CBAEED30}
		{7F306944-6350-4129-8751-A11C58925F59} = {1A711EE4-3E5B-4406-826D-D267CBAEED30}
		{2BF76BB6-A3D8-4156-897E-19C8C82BB3EA} = {1A711EE4-3E5B-4406-826D-D267CBAEED30}
		{8F9D8781-9E94-4E66-98C7-EE50872D33FF} = {1A711EE4-3E5B-4406-826D-D267CBAEED30}
		{2F69F8E8-756F-42F9-9097-36929C7EA797} = {1394C8B4-AC53-4DE0-BD17-3D78133C146B}
		{E03C78C3-55B7-4D41-B26F-EC13AD5F3D5B} = {1394C8B4-AC53-4DE0-BD17-3D78133C146B}
		{EA5A3FBA-7C69-4308-8471-3AC7A5E0E6B9} = {1394C8B4-AC53-4DE0-BD17-3D78133C146B}
		{B959462E-A211-4CEB-B31E-2D51A489A88C} = {1394C8B4-AC53-4DE0-BD17-3D78133C146B}
		{A1F33949-8453-48D6-AB7B-B9C6B8057425} = {D7F02B44-72F8-43D9-8EC6-9AF8B2DD24DB}
		{4F1B2215-92BD-4405-A8C4-26F59A8581D1} = {D7F02B44-72F8-43D9-8EC6-9AF8B2DD24DB}
	EndGlobalSection
	GlobalSection(ExtensibilityGlobals) = postSolution
		SolutionGuid = {467F494D-CE0A-45C7-886A-F25C7E88C6D8}
	EndGlobalSection
EndGlobal
